// !$*UTF8*$!
{
	archiveVersion = 1;
	classes = {
	};
	objectVersion = 56;
	objects = {

/* Begin PBXBuildFile section */
		5C1858F12AA2E1FF00C7BB3A /* cafe_bagelApp.swift in Sources */ = {isa = PBXBuildFile; fileRef = 5C1858F02AA2E1FF00C7BB3A /* cafe_bagelApp.swift */; };
		5C1858F52AA2E20100C7BB3A /* Assets.xcassets in Resources */ = {isa = PBXBuildFile; fileRef = 5C1858F42AA2E20100C7BB3A /* Assets.xcassets */; };
		5C1858F82AA2E20100C7BB3A /* Preview Assets.xcassets in Resources */ = {isa = PBXBuildFile; fileRef = 5C1858F72AA2E20100C7BB3A /* Preview Assets.xcassets */; };
		5C1859022AA2E5D800C7BB3A /* TippingOption.swift in Sources */ = {isa = PBXBuildFile; fileRef = 5C1859012AA2E5D800C7BB3A /* TippingOption.swift */; };
		5C1859042AA2E61800C7BB3A /* TippingView.swift in Sources */ = {isa = PBXBuildFile; fileRef = 5C1859032AA2E61800C7BB3A /* TippingView.swift */; };
		5C1859062AA2E63C00C7BB3A /* TippingViewModel.swift in Sources */ = {isa = PBXBuildFile; fileRef = 5C1859052AA2E63C00C7BB3A /* TippingViewModel.swift */; };
		5C18590A2AA2E98500C7BB3A /* TippingOptionView.swift in Sources */ = {isa = PBXBuildFile; fileRef = 5C1859092AA2E98500C7BB3A /* TippingOptionView.swift */; };
		5C18590D2AA2F06E00C7BB3A /* StyleGuide.swift in Sources */ = {isa = PBXBuildFile; fileRef = 5C18590C2AA2F06E00C7BB3A /* StyleGuide.swift */; };
		5C1859122AA42E3400C7BB3A /* Money.swift in Sources */ = {isa = PBXBuildFile; fileRef = 5C1859112AA42E3400C7BB3A /* Money.swift */; };
		5C1859152AA6A5CC00C7BB3A /* CombineExt in Frameworks */ = {isa = PBXBuildFile; productRef = 5C1859142AA6A5CC00C7BB3A /* CombineExt */; };
		5C56F0182F340C0C002B1BD6 /* CartView.swift in Sources */ = {isa = PBXBuildFile; fileRef = 5C56F0172F340C0A002B1BD6 /* CartView.swift */; };
		5CE5B60B2B8846800093EAD6 /* AppSwitcherView.swift in Sources */ = {isa = PBXBuildFile; fileRef = 5CE5B60A2B8846800093EAD6 /* AppSwitcherView.swift */; };
		5CE5B60D2B8849770093EAD6 /* AppSwitcherViewModel.swift in Sources */ = {isa = PBXBuildFile; fileRef = 5CE5B60C2B8849770093EAD6 /* AppSwitcherViewModel.swift */; };
		5CE5B6102B884D430093EAD6 /* DependencyContainer.swift in Sources */ = {isa = PBXBuildFile; fileRef = 5CE5B60F2B884D430093EAD6 /* DependencyContainer.swift */; };
		5CE5B6122B884DC90093EAD6 /* HasSettingsNetworkService.swift in Sources */ = {isa = PBXBuildFile; fileRef = 5CE5B6112B884DC90093EAD6 /* HasSettingsNetworkService.swift */; };
		5CE5B6162B884E160093EAD6 /* SettingsNetworkService.swift in Sources */ = {isa = PBXBuildFile; fileRef = 5CE5B6152B884E160093EAD6 /* SettingsNetworkService.swift */; };
		5CE5B61A2B88D62F0093EAD6 /* SettingsRepository.swift in Sources */ = {isa = PBXBuildFile; fileRef = 5CE5B6192B88D62F0093EAD6 /* SettingsRepository.swift */; };
		5CE5B61C2B88D64E0093EAD6 /* HasSettingsRepository.swift in Sources */ = {isa = PBXBuildFile; fileRef = 5CE5B61B2B88D64E0093EAD6 /* HasSettingsRepository.swift */; };
		5CE5B61F2B88D7DF0093EAD6 /* UserDefaultsService.swift in Sources */ = {isa = PBXBuildFile; fileRef = 5CE5B61E2B88D7DF0093EAD6 /* UserDefaultsService.swift */; };
		5CE5B6212B88D7EF0093EAD6 /* HasUserDefaultsService.swift in Sources */ = {isa = PBXBuildFile; fileRef = 5CE5B6202B88D7EF0093EAD6 /* HasUserDefaultsService.swift */; };
		5CE5B6232B899CD90093EAD6 /* RootView.swift in Sources */ = {isa = PBXBuildFile; fileRef = 5CE5B6222B899CD90093EAD6 /* RootView.swift */; };
		5CE5B6252B899D610093EAD6 /* RootViewModel.swift in Sources */ = {isa = PBXBuildFile; fileRef = 5CE5B6242B899D610093EAD6 /* RootViewModel.swift */; };
		5CE5B6282B8AD88B0093EAD6 /* FillButtonView.swift in Sources */ = {isa = PBXBuildFile; fileRef = 5CE5B6272B8AD88B0093EAD6 /* FillButtonView.swift */; };
		5CE5B62A2B8AF5AA0093EAD6 /* MenuItem.swift in Sources */ = {isa = PBXBuildFile; fileRef = 5CE5B6292B8AF5AA0093EAD6 /* MenuItem.swift */; };
		5CE5B62C2B8AFACC0093EAD6 /* Customer.swift in Sources */ = {isa = PBXBuildFile; fileRef = 5CE5B62B2B8AFACC0093EAD6 /* Customer.swift */; };
		5CE5B62E2B8B60620093EAD6 /* Order.swift in Sources */ = {isa = PBXBuildFile; fileRef = 5CE5B62D2B8B60620093EAD6 /* Order.swift */; };
		5CE5B6312B8B642E0093EAD6 /* MenuRepository.swift in Sources */ = {isa = PBXBuildFile; fileRef = 5CE5B6302B8B642E0093EAD6 /* MenuRepository.swift */; };
		5CE5B6332B8B64380093EAD6 /* HasMenuRepository.swift in Sources */ = {isa = PBXBuildFile; fileRef = 5CE5B6322B8B64380093EAD6 /* HasMenuRepository.swift */; };
		5CE5B6382B8C1C510093EAD6 /* ResultProtocol.swift in Sources */ = {isa = PBXBuildFile; fileRef = 5CE5B6372B8C1C510093EAD6 /* ResultProtocol.swift */; };
		5CE5B63A2B8C1C5F0093EAD6 /* Result+Combine.swift in Sources */ = {isa = PBXBuildFile; fileRef = 5CE5B6392B8C1C5F0093EAD6 /* Result+Combine.swift */; };
		5CE5B63D2B8C2D8B0093EAD6 /* MenuItemView.swift in Sources */ = {isa = PBXBuildFile; fileRef = 5CE5B63C2B8C2D8B0093EAD6 /* MenuItemView.swift */; };
		5CE5B6412B8E1C3D0093EAD6 /* MenuItemSheetView.swift in Sources */ = {isa = PBXBuildFile; fileRef = 5CE5B6402B8E1C3D0093EAD6 /* MenuItemSheetView.swift */; };
		5CEF03772AA8A7FA00D26EE9 /* AuthView.swift in Sources */ = {isa = PBXBuildFile; fileRef = 5CEF03762AA8A7FA00D26EE9 /* AuthView.swift */; };
		5CEF03792AB0010200D26EE9 /* AuthViewModel.swift in Sources */ = {isa = PBXBuildFile; fileRef = 5CEF03782AB0010200D26EE9 /* AuthViewModel.swift */; };
		5CEF037E2AB008A800D26EE9 /* PostPaymentView.swift in Sources */ = {isa = PBXBuildFile; fileRef = 5CEF037D2AB008A800D26EE9 /* PostPaymentView.swift */; };
		5CEF03802AB0092400D26EE9 /* PostPaymentViewModel.swift in Sources */ = {isa = PBXBuildFile; fileRef = 5CEF037F2AB0092400D26EE9 /* PostPaymentViewModel.swift */; };
		5CEF03832AB2970200D26EE9 /* LocaleButtonView.swift in Sources */ = {isa = PBXBuildFile; fileRef = 5CEF03822AB2970200D26EE9 /* LocaleButtonView.swift */; };
		5CEF03852AB2971A00D26EE9 /* LocaleButtonViewModel.swift in Sources */ = {isa = PBXBuildFile; fileRef = 5CEF03842AB2971A00D26EE9 /* LocaleButtonViewModel.swift */; };
		5CEF038A2AB337B100D26EE9 /* Checkout.swift in Sources */ = {isa = PBXBuildFile; fileRef = 5CEF03892AB337B100D26EE9 /* Checkout.swift */; };
		5CEF038D2AB33C5B00D26EE9 /* CartBuildingView.swift in Sources */ = {isa = PBXBuildFile; fileRef = 5CEF038C2AB33C5B00D26EE9 /* CartBuildingView.swift */; };
		5CEF038F2AB33DD700D26EE9 /* CartBuildingViewModel.swift in Sources */ = {isa = PBXBuildFile; fileRef = 5CEF038E2AB33DD700D26EE9 /* CartBuildingViewModel.swift */; };
		5CEF03922AB3FB8D00D26EE9 /* AmountsHeaderView.swift in Sources */ = {isa = PBXBuildFile; fileRef = 5CEF03912AB3FB8D00D26EE9 /* AmountsHeaderView.swift */; };
		5CEF03972AB48ADE00D26EE9 /* Sound.swift in Sources */ = {isa = PBXBuildFile; fileRef = 5CEF03962AB48ADE00D26EE9 /* Sound.swift */; };
		5CEF03992AB52D2500D26EE9 /* SpinnerView.swift in Sources */ = {isa = PBXBuildFile; fileRef = 5CEF03982AB52D2500D26EE9 /* SpinnerView.swift */; };
/* End PBXBuildFile section */

/* Begin PBXFileReference section */
		5C1858ED2AA2E1FF00C7BB3A /* cafe-bagel.app */ = {isa = PBXFileReference; explicitFileType = wrapper.application; includeInIndex = 0; path = "cafe-bagel.app"; sourceTree = BUILT_PRODUCTS_DIR; };
		5C1858F02AA2E1FF00C7BB3A /* cafe_bagelApp.swift */ = {isa = PBXFileReference; lastKnownFileType = sourcecode.swift; path = cafe_bagelApp.swift; sourceTree = "<group>"; };
		5C1858F42AA2E20100C7BB3A /* Assets.xcassets */ = {isa = PBXFileReference; lastKnownFileType = folder.assetcatalog; path = Assets.xcassets; sourceTree = "<group>"; };
		5C1858F72AA2E20100C7BB3A /* Preview Assets.xcassets */ = {isa = PBXFileReference; lastKnownFileType = folder.assetcatalog; path = "Preview Assets.xcassets"; sourceTree = "<group>"; };
		5C1859012AA2E5D800C7BB3A /* TippingOption.swift */ = {isa = PBXFileReference; lastKnownFileType = sourcecode.swift; path = TippingOption.swift; sourceTree = "<group>"; };
		5C1859032AA2E61800C7BB3A /* TippingView.swift */ = {isa = PBXFileReference; fileEncoding = 4; lastKnownFileType = sourcecode.swift; path = TippingView.swift; sourceTree = "<group>"; };
		5C1859052AA2E63C00C7BB3A /* TippingViewModel.swift */ = {isa = PBXFileReference; lastKnownFileType = sourcecode.swift; path = TippingViewModel.swift; sourceTree = "<group>"; };
		5C1859092AA2E98500C7BB3A /* TippingOptionView.swift */ = {isa = PBXFileReference; lastKnownFileType = sourcecode.swift; path = TippingOptionView.swift; sourceTree = "<group>"; };
		5C18590C2AA2F06E00C7BB3A /* StyleGuide.swift */ = {isa = PBXFileReference; lastKnownFileType = sourcecode.swift; path = StyleGuide.swift; sourceTree = "<group>"; };
		5C1859112AA42E3400C7BB3A /* Money.swift */ = {isa = PBXFileReference; lastKnownFileType = sourcecode.swift; path = Money.swift; sourceTree = "<group>"; };
		5C56F0172F340C0A002B1BD6 /* CartView.swift */ = {isa = PBXFileReference; lastKnownFileType = sourcecode.swift; path = CartView.swift; sourceTree = "<group>"; };
		5CE5B60A2B8846800093EAD6 /* AppSwitcherView.swift */ = {isa = PBXFileReference; lastKnownFileType = sourcecode.swift; path = AppSwitcherView.swift; sourceTree = "<group>"; };
		5CE5B60C2B8849770093EAD6 /* AppSwitcherViewModel.swift */ = {isa = PBXFileReference; lastKnownFileType = sourcecode.swift; path = AppSwitcherViewModel.swift; sourceTree = "<group>"; };
		5CE5B60F2B884D430093EAD6 /* DependencyContainer.swift */ = {isa = PBXFileReference; lastKnownFileType = sourcecode.swift; path = DependencyContainer.swift; sourceTree = "<group>"; };
		5CE5B6112B884DC90093EAD6 /* HasSettingsNetworkService.swift */ = {isa = PBXFileReference; lastKnownFileType = sourcecode.swift; path = HasSettingsNetworkService.swift; sourceTree = "<group>"; };
		5CE5B6152B884E160093EAD6 /* SettingsNetworkService.swift */ = {isa = PBXFileReference; lastKnownFileType = sourcecode.swift; path = SettingsNetworkService.swift; sourceTree = "<group>"; };
		5CE5B6192B88D62F0093EAD6 /* SettingsRepository.swift */ = {isa = PBXFileReference; lastKnownFileType = sourcecode.swift; path = SettingsRepository.swift; sourceTree = "<group>"; };
		5CE5B61B2B88D64E0093EAD6 /* HasSettingsRepository.swift */ = {isa = PBXFileReference; lastKnownFileType = sourcecode.swift; path = HasSettingsRepository.swift; sourceTree = "<group>"; };
		5CE5B61E2B88D7DF0093EAD6 /* UserDefaultsService.swift */ = {isa = PBXFileReference; lastKnownFileType = sourcecode.swift; path = UserDefaultsService.swift; sourceTree = "<group>"; };
		5CE5B6202B88D7EF0093EAD6 /* HasUserDefaultsService.swift */ = {isa = PBXFileReference; lastKnownFileType = sourcecode.swift; path = HasUserDefaultsService.swift; sourceTree = "<group>"; };
		5CE5B6222B899CD90093EAD6 /* RootView.swift */ = {isa = PBXFileReference; lastKnownFileType = sourcecode.swift; path = RootView.swift; sourceTree = "<group>"; };
		5CE5B6242B899D610093EAD6 /* RootViewModel.swift */ = {isa = PBXFileReference; lastKnownFileType = sourcecode.swift; path = RootViewModel.swift; sourceTree = "<group>"; };
		5CE5B6272B8AD88B0093EAD6 /* FillButtonView.swift */ = {isa = PBXFileReference; lastKnownFileType = sourcecode.swift; path = FillButtonView.swift; sourceTree = "<group>"; };
		5CE5B6292B8AF5AA0093EAD6 /* MenuItem.swift */ = {isa = PBXFileReference; lastKnownFileType = sourcecode.swift; path = MenuItem.swift; sourceTree = "<group>"; };
		5CE5B62B2B8AFACC0093EAD6 /* Customer.swift */ = {isa = PBXFileReference; lastKnownFileType = sourcecode.swift; path = Customer.swift; sourceTree = "<group>"; };
		5CE5B62D2B8B60620093EAD6 /* Order.swift */ = {isa = PBXFileReference; lastKnownFileType = sourcecode.swift; path = Order.swift; sourceTree = "<group>"; };
		5CE5B6302B8B642E0093EAD6 /* MenuRepository.swift */ = {isa = PBXFileReference; lastKnownFileType = sourcecode.swift; path = MenuRepository.swift; sourceTree = "<group>"; };
		5CE5B6322B8B64380093EAD6 /* HasMenuRepository.swift */ = {isa = PBXFileReference; lastKnownFileType = sourcecode.swift; path = HasMenuRepository.swift; sourceTree = "<group>"; };
		5CE5B6372B8C1C510093EAD6 /* ResultProtocol.swift */ = {isa = PBXFileReference; lastKnownFileType = sourcecode.swift; path = ResultProtocol.swift; sourceTree = "<group>"; };
		5CE5B6392B8C1C5F0093EAD6 /* Result+Combine.swift */ = {isa = PBXFileReference; lastKnownFileType = sourcecode.swift; path = "Result+Combine.swift"; sourceTree = "<group>"; };
		5CE5B63C2B8C2D8B0093EAD6 /* MenuItemView.swift */ = {isa = PBXFileReference; lastKnownFileType = sourcecode.swift; path = MenuItemView.swift; sourceTree = "<group>"; };
		5CE5B6402B8E1C3D0093EAD6 /* MenuItemSheetView.swift */ = {isa = PBXFileReference; lastKnownFileType = sourcecode.swift; path = MenuItemSheetView.swift; sourceTree = "<group>"; };
		5CEF03762AA8A7FA00D26EE9 /* AuthView.swift */ = {isa = PBXFileReference; lastKnownFileType = sourcecode.swift; path = AuthView.swift; sourceTree = "<group>"; };
		5CEF03782AB0010200D26EE9 /* AuthViewModel.swift */ = {isa = PBXFileReference; lastKnownFileType = sourcecode.swift; path = AuthViewModel.swift; sourceTree = "<group>"; };
		5CEF037D2AB008A800D26EE9 /* PostPaymentView.swift */ = {isa = PBXFileReference; lastKnownFileType = sourcecode.swift; path = PostPaymentView.swift; sourceTree = "<group>"; };
		5CEF037F2AB0092400D26EE9 /* PostPaymentViewModel.swift */ = {isa = PBXFileReference; lastKnownFileType = sourcecode.swift; path = PostPaymentViewModel.swift; sourceTree = "<group>"; };
		5CEF03822AB2970200D26EE9 /* LocaleButtonView.swift */ = {isa = PBXFileReference; lastKnownFileType = sourcecode.swift; path = LocaleButtonView.swift; sourceTree = "<group>"; };
		5CEF03842AB2971A00D26EE9 /* LocaleButtonViewModel.swift */ = {isa = PBXFileReference; lastKnownFileType = sourcecode.swift; path = LocaleButtonViewModel.swift; sourceTree = "<group>"; };
		5CEF03892AB337B100D26EE9 /* Checkout.swift */ = {isa = PBXFileReference; lastKnownFileType = sourcecode.swift; path = Checkout.swift; sourceTree = "<group>"; };
		5CEF038C2AB33C5B00D26EE9 /* CartBuildingView.swift */ = {isa = PBXFileReference; lastKnownFileType = sourcecode.swift; path = CartBuildingView.swift; sourceTree = "<group>"; };
		5CEF038E2AB33DD700D26EE9 /* CartBuildingViewModel.swift */ = {isa = PBXFileReference; lastKnownFileType = sourcecode.swift; path = CartBuildingViewModel.swift; sourceTree = "<group>"; };
		5CEF03912AB3FB8D00D26EE9 /* AmountsHeaderView.swift */ = {isa = PBXFileReference; lastKnownFileType = sourcecode.swift; path = AmountsHeaderView.swift; sourceTree = "<group>"; };
		5CEF03962AB48ADE00D26EE9 /* Sound.swift */ = {isa = PBXFileReference; lastKnownFileType = sourcecode.swift; path = Sound.swift; sourceTree = "<group>"; };
		5CEF03982AB52D2500D26EE9 /* SpinnerView.swift */ = {isa = PBXFileReference; lastKnownFileType = sourcecode.swift; path = SpinnerView.swift; sourceTree = "<group>"; };
/* End PBXFileReference section */

/* Begin PBXFrameworksBuildPhase section */
		5C1858EA2AA2E1FF00C7BB3A /* Frameworks */ = {
			isa = PBXFrameworksBuildPhase;
			buildActionMask = 2147483647;
			files = (
				5C1859152AA6A5CC00C7BB3A /* CombineExt in Frameworks */,
			);
			runOnlyForDeploymentPostprocessing = 0;
		};
/* End PBXFrameworksBuildPhase section */

/* Begin PBXGroup section */
		5C1858E42AA2E1FF00C7BB3A = {
			isa = PBXGroup;
			children = (
				5C1858EF2AA2E1FF00C7BB3A /* cafe-bagel */,
				5C1858EE2AA2E1FF00C7BB3A /* Products */,
			);
			sourceTree = "<group>";
		};
		5C1858EE2AA2E1FF00C7BB3A /* Products */ = {
			isa = PBXGroup;
			children = (
				5C1858ED2AA2E1FF00C7BB3A /* cafe-bagel.app */,
			);
			name = Products;
			sourceTree = "<group>";
		};
		5C1858EF2AA2E1FF00C7BB3A /* cafe-bagel */ = {
			isa = PBXGroup;
			children = (
				5CE5B60E2B884D040093EAD6 /* Dependencies */,
				5C18590B2AA2F06400C7BB3A /* Common */,
				5C1859002AA2E5C900C7BB3A /* Models */,
				5C1858FE2AA2E3FF00C7BB3A /* Features */,
				5C1858F02AA2E1FF00C7BB3A /* cafe_bagelApp.swift */,
				5C1858F42AA2E20100C7BB3A /* Assets.xcassets */,
				5C1858F62AA2E20100C7BB3A /* Preview Content */,
			);
			path = "cafe-bagel";
			sourceTree = "<group>";
		};
		5C1858F62AA2E20100C7BB3A /* Preview Content */ = {
			isa = PBXGroup;
			children = (
				5C1858F72AA2E20100C7BB3A /* Preview Assets.xcassets */,
			);
			path = "Preview Content";
			sourceTree = "<group>";
		};
		5C1858FE2AA2E3FF00C7BB3A /* Features */ = {
			isa = PBXGroup;
			children = (
				5CE5B6092B8846700093EAD6 /* Root */,
				5CEF038B2AB33C4900D26EE9 /* CartBuilding */,
				5CEF037A2AB0085C00D26EE9 /* PostPayment */,
				5CEF03752AA8A78100D26EE9 /* Payment */,
				5C1858FF2AA2E44A00C7BB3A /* Tipping */,
			);
			path = Features;
			sourceTree = "<group>";
		};
		5C1858FF2AA2E44A00C7BB3A /* Tipping */ = {
			isa = PBXGroup;
			children = (
				5C1859032AA2E61800C7BB3A /* TippingView.swift */,
				5C1859052AA2E63C00C7BB3A /* TippingViewModel.swift */,
				5C1859092AA2E98500C7BB3A /* TippingOptionView.swift */,
			);
			path = Tipping;
			sourceTree = "<group>";
		};
		5C1859002AA2E5C900C7BB3A /* Models */ = {
			isa = PBXGroup;
			children = (
				5C1859012AA2E5D800C7BB3A /* TippingOption.swift */,
				5C1859112AA42E3400C7BB3A /* Money.swift */,
				5CEF03892AB337B100D26EE9 /* Checkout.swift */,
				5CE5B6292B8AF5AA0093EAD6 /* MenuItem.swift */,
				5CE5B62B2B8AFACC0093EAD6 /* Customer.swift */,
				5CE5B62D2B8B60620093EAD6 /* Order.swift */,
			);
			path = Models;
			sourceTree = "<group>";
		};
		5C18590B2AA2F06400C7BB3A /* Common */ = {
			isa = PBXGroup;
			children = (
				5CE5B6352B8C1C210093EAD6 /* Utilities */,
				5CE5B6262B8AD8560093EAD6 /* FillButton */,
				5CEF03902AB3FB7A00D26EE9 /* AmountsHeader */,
				5CEF03862AB2972000D26EE9 /* LocaleButton */,
				5CEF03982AB52D2500D26EE9 /* SpinnerView.swift */,
				5C18590C2AA2F06E00C7BB3A /* StyleGuide.swift */,
				5CEF03962AB48ADE00D26EE9 /* Sound.swift */,
			);
			path = Common;
			sourceTree = "<group>";
		};
		5CE5B6092B8846700093EAD6 /* Root */ = {
			isa = PBXGroup;
			children = (
				5CE5B6222B899CD90093EAD6 /* RootView.swift */,
				5CE5B60A2B8846800093EAD6 /* AppSwitcherView.swift */,
				5CE5B60C2B8849770093EAD6 /* AppSwitcherViewModel.swift */,
				5CE5B6242B899D610093EAD6 /* RootViewModel.swift */,
			);
			path = Root;
			sourceTree = "<group>";
		};
		5CE5B60E2B884D040093EAD6 /* Dependencies */ = {
			isa = PBXGroup;
			children = (
				5CE5B62F2B8B64130093EAD6 /* MenuRepository */,
				5CE5B61D2B88D7B20093EAD6 /* UserDefaultsService */,
				5CE5B6182B88D6210093EAD6 /* SettingsRepository */,
				5CE5B6142B884DFD0093EAD6 /* SettingsNetworkService */,
				5CE5B60F2B884D430093EAD6 /* DependencyContainer.swift */,
			);
			path = Dependencies;
			sourceTree = "<group>";
		};
		5CE5B6142B884DFD0093EAD6 /* SettingsNetworkService */ = {
			isa = PBXGroup;
			children = (
				5CE5B6112B884DC90093EAD6 /* HasSettingsNetworkService.swift */,
				5CE5B6152B884E160093EAD6 /* SettingsNetworkService.swift */,
			);
			path = SettingsNetworkService;
			sourceTree = "<group>";
		};
		5CE5B6182B88D6210093EAD6 /* SettingsRepository */ = {
			isa = PBXGroup;
			children = (
				5CE5B61B2B88D64E0093EAD6 /* HasSettingsRepository.swift */,
				5CE5B6192B88D62F0093EAD6 /* SettingsRepository.swift */,
			);
			path = SettingsRepository;
			sourceTree = "<group>";
		};
		5CE5B61D2B88D7B20093EAD6 /* UserDefaultsService */ = {
			isa = PBXGroup;
			children = (
				5CE5B6202B88D7EF0093EAD6 /* HasUserDefaultsService.swift */,
				5CE5B61E2B88D7DF0093EAD6 /* UserDefaultsService.swift */,
			);
			path = UserDefaultsService;
			sourceTree = "<group>";
		};
		5CE5B6262B8AD8560093EAD6 /* FillButton */ = {
			isa = PBXGroup;
			children = (
				5CE5B6272B8AD88B0093EAD6 /* FillButtonView.swift */,
			);
			path = FillButton;
			sourceTree = "<group>";
		};
		5CE5B62F2B8B64130093EAD6 /* MenuRepository */ = {
			isa = PBXGroup;
			children = (
				5CE5B6342B8B64B90093EAD6 /* SampleData */,
				5CE5B6322B8B64380093EAD6 /* HasMenuRepository.swift */,
				5CE5B6302B8B642E0093EAD6 /* MenuRepository.swift */,
			);
			path = MenuRepository;
			sourceTree = "<group>";
		};
		5CE5B6342B8B64B90093EAD6 /* SampleData */ = {
			isa = PBXGroup;
			children = (
			);
			path = SampleData;
			sourceTree = "<group>";
		};
		5CE5B6352B8C1C210093EAD6 /* Utilities */ = {
			isa = PBXGroup;
			children = (
				5CE5B6362B8C1C470093EAD6 /* Result */,
			);
			path = Utilities;
			sourceTree = "<group>";
		};
		5CE5B6362B8C1C470093EAD6 /* Result */ = {
			isa = PBXGroup;
			children = (
				5CE5B6372B8C1C510093EAD6 /* ResultProtocol.swift */,
				5CE5B6392B8C1C5F0093EAD6 /* Result+Combine.swift */,
			);
			path = Result;
			sourceTree = "<group>";
		};
		5CE5B63B2B8C2D760093EAD6 /* MenuItem */ = {
			isa = PBXGroup;
			children = (
				5CE5B63C2B8C2D8B0093EAD6 /* MenuItemView.swift */,
				5CE5B6402B8E1C3D0093EAD6 /* MenuItemSheetView.swift */,
			);
			path = MenuItem;
			sourceTree = "<group>";
		};
		5CEF03752AA8A78100D26EE9 /* Payment */ = {
			isa = PBXGroup;
			children = (
				5CEF03762AA8A7FA00D26EE9 /* AuthView.swift */,
				5CEF03782AB0010200D26EE9 /* AuthViewModel.swift */,
			);
			path = Payment;
			sourceTree = "<group>";
		};
		5CEF037A2AB0085C00D26EE9 /* PostPayment */ = {
			isa = PBXGroup;
			children = (
				5CEF037D2AB008A800D26EE9 /* PostPaymentView.swift */,
				5CEF037F2AB0092400D26EE9 /* PostPaymentViewModel.swift */,
			);
			path = PostPayment;
			sourceTree = "<group>";
		};
		5CEF03862AB2972000D26EE9 /* LocaleButton */ = {
			isa = PBXGroup;
			children = (
				5CEF03822AB2970200D26EE9 /* LocaleButtonView.swift */,
				5CEF03842AB2971A00D26EE9 /* LocaleButtonViewModel.swift */,
			);
			path = LocaleButton;
			sourceTree = "<group>";
		};
		5CEF038B2AB33C4900D26EE9 /* CartBuilding */ = {
			isa = PBXGroup;
			children = (
				5C56F0172F340C0A002B1BD6 /* CartView.swift */,
				5CE5B63B2B8C2D760093EAD6 /* MenuItem */,
				5CEF038C2AB33C5B00D26EE9 /* CartBuildingView.swift */,
				5CEF038E2AB33DD700D26EE9 /* CartBuildingViewModel.swift */,
			);
			path = CartBuilding;
			sourceTree = "<group>";
		};
		5CEF03902AB3FB7A00D26EE9 /* AmountsHeader */ = {
			isa = PBXGroup;
			children = (
				5CEF03912AB3FB8D00D26EE9 /* AmountsHeaderView.swift */,
			);
			path = AmountsHeader;
			sourceTree = "<group>";
		};
/* End PBXGroup section */

/* Begin PBXNativeTarget section */
		5C1858EC2AA2E1FF00C7BB3A /* cafe-bagel */ = {
			isa = PBXNativeTarget;
			buildConfigurationList = 5C1858FB2AA2E20100C7BB3A /* Build configuration list for PBXNativeTarget "cafe-bagel" */;
			buildPhases = (
				5C1858E92AA2E1FF00C7BB3A /* Sources */,
				5C1858EA2AA2E1FF00C7BB3A /* Frameworks */,
				5C1858EB2AA2E1FF00C7BB3A /* Resources */,
			);
			buildRules = (
			);
			dependencies = (
			);
			name = "cafe-bagel";
			packageProductDependencies = (
				5C1859142AA6A5CC00C7BB3A /* CombineExt */,
			);
			productName = "cafe-bagel";
			productReference = 5C1858ED2AA2E1FF00C7BB3A /* cafe-bagel.app */;
			productType = "com.apple.product-type.application";
		};
/* End PBXNativeTarget section */

/* Begin PBXProject section */
		5C1858E52AA2E1FF00C7BB3A /* Project object */ = {
			isa = PBXProject;
			attributes = {
				BuildIndependentTargetsInParallel = 1;
				LastSwiftUpdateCheck = 1420;
				LastUpgradeCheck = 1420;
				TargetAttributes = {
					5C1858EC2AA2E1FF00C7BB3A = {
						CreatedOnToolsVersion = 14.2;
					};
				};
			};
			buildConfigurationList = 5C1858E82AA2E1FF00C7BB3A /* Build configuration list for PBXProject "cafe-bagel" */;
			compatibilityVersion = "Xcode 14.0";
			developmentRegion = en;
			hasScannedForEncodings = 0;
			knownRegions = (
				en,
				Base,
			);
			mainGroup = 5C1858E42AA2E1FF00C7BB3A;
			packageReferences = (
				5C1859132AA6A5CB00C7BB3A /* XCRemoteSwiftPackageReference "CombineExt" */,
			);
			productRefGroup = 5C1858EE2AA2E1FF00C7BB3A /* Products */;
			projectDirPath = "";
			projectRoot = "";
			targets = (
				5C1858EC2AA2E1FF00C7BB3A /* cafe-bagel */,
			);
		};
/* End PBXProject section */

/* Begin PBXResourcesBuildPhase section */
		5C1858EB2AA2E1FF00C7BB3A /* Resources */ = {
			isa = PBXResourcesBuildPhase;
			buildActionMask = 2147483647;
			files = (
				5C1858F82AA2E20100C7BB3A /* Preview Assets.xcassets in Resources */,
				5C1858F52AA2E20100C7BB3A /* Assets.xcassets in Resources */,
			);
			runOnlyForDeploymentPostprocessing = 0;
		};
/* End PBXResourcesBuildPhase section */

/* Begin PBXSourcesBuildPhase section */
		5C1858E92AA2E1FF00C7BB3A /* Sources */ = {
			isa = PBXSourcesBuildPhase;
			buildActionMask = 2147483647;
			files = (
				5C1859062AA2E63C00C7BB3A /* TippingViewModel.swift in Sources */,
				5CE5B6162B884E160093EAD6 /* SettingsNetworkService.swift in Sources */,
				5CE5B6312B8B642E0093EAD6 /* MenuRepository.swift in Sources */,
				5CEF03922AB3FB8D00D26EE9 /* AmountsHeaderView.swift in Sources */,
				5C1859022AA2E5D800C7BB3A /* TippingOption.swift in Sources */,
				5CEF038D2AB33C5B00D26EE9 /* CartBuildingView.swift in Sources */,
				5C56F0182F340C0C002B1BD6 /* CartView.swift in Sources */,
				5C1859122AA42E3400C7BB3A /* Money.swift in Sources */,
				5CE5B62E2B8B60620093EAD6 /* Order.swift in Sources */,
				5CE5B6232B899CD90093EAD6 /* RootView.swift in Sources */,
				5CE5B6382B8C1C510093EAD6 /* ResultProtocol.swift in Sources */,
				5CEF038A2AB337B100D26EE9 /* Checkout.swift in Sources */,
				5CEF03852AB2971A00D26EE9 /* LocaleButtonViewModel.swift in Sources */,
				5CEF03972AB48ADE00D26EE9 /* Sound.swift in Sources */,
				5CE5B6282B8AD88B0093EAD6 /* FillButtonView.swift in Sources */,
				5CE5B61C2B88D64E0093EAD6 /* HasSettingsRepository.swift in Sources */,
				5CE5B6122B884DC90093EAD6 /* HasSettingsNetworkService.swift in Sources */,
				5CE5B6332B8B64380093EAD6 /* HasMenuRepository.swift in Sources */,
				5CE5B62A2B8AF5AA0093EAD6 /* MenuItem.swift in Sources */,
				5CE5B63A2B8C1C5F0093EAD6 /* Result+Combine.swift in Sources */,
				5C18590A2AA2E98500C7BB3A /* TippingOptionView.swift in Sources */,
				5CE5B60B2B8846800093EAD6 /* AppSwitcherView.swift in Sources */,
				5CE5B6412B8E1C3D0093EAD6 /* MenuItemSheetView.swift in Sources */,
				5CEF03992AB52D2500D26EE9 /* SpinnerView.swift in Sources */,
				5C1859042AA2E61800C7BB3A /* TippingView.swift in Sources */,
				5CE5B62C2B8AFACC0093EAD6 /* Customer.swift in Sources */,
				5CE5B61F2B88D7DF0093EAD6 /* UserDefaultsService.swift in Sources */,
				5CEF03832AB2970200D26EE9 /* LocaleButtonView.swift in Sources */,
				5CE5B60D2B8849770093EAD6 /* AppSwitcherViewModel.swift in Sources */,
				5CEF03802AB0092400D26EE9 /* PostPaymentViewModel.swift in Sources */,
				5CE5B63D2B8C2D8B0093EAD6 /* MenuItemView.swift in Sources */,
				5CEF038F2AB33DD700D26EE9 /* CartBuildingViewModel.swift in Sources */,
				5CE5B6102B884D430093EAD6 /* DependencyContainer.swift in Sources */,
				5CE5B61A2B88D62F0093EAD6 /* SettingsRepository.swift in Sources */,
				5CEF037E2AB008A800D26EE9 /* PostPaymentView.swift in Sources */,
				5CE5B6212B88D7EF0093EAD6 /* HasUserDefaultsService.swift in Sources */,
				5C1858F12AA2E1FF00C7BB3A /* cafe_bagelApp.swift in Sources */,
				5CEF03772AA8A7FA00D26EE9 /* AuthView.swift in Sources */,
				5C18590D2AA2F06E00C7BB3A /* StyleGuide.swift in Sources */,
				5CEF03792AB0010200D26EE9 /* AuthViewModel.swift in Sources */,
				5CE5B6252B899D610093EAD6 /* RootViewModel.swift in Sources */,
			);
			runOnlyForDeploymentPostprocessing = 0;
		};
/* End PBXSourcesBuildPhase section */

/* Begin XCBuildConfiguration section */
		5C1858F92AA2E20100C7BB3A /* Debug */ = {
			isa = XCBuildConfiguration;
			buildSettings = {
				ALWAYS_SEARCH_USER_PATHS = NO;
				CLANG_ANALYZER_NONNULL = YES;
				CLANG_ANALYZER_NUMBER_OBJECT_CONVERSION = YES_AGGRESSIVE;
				CLANG_CXX_LANGUAGE_STANDARD = "gnu++20";
				CLANG_ENABLE_MODULES = YES;
				CLANG_ENABLE_OBJC_ARC = YES;
				CLANG_ENABLE_OBJC_WEAK = YES;
				CLANG_WARN_BLOCK_CAPTURE_AUTORELEASING = YES;
				CLANG_WARN_BOOL_CONVERSION = YES;
				CLANG_WARN_COMMA = YES;
				CLANG_WARN_CONSTANT_CONVERSION = YES;
				CLANG_WARN_DEPRECATED_OBJC_IMPLEMENTATIONS = YES;
				CLANG_WARN_DIRECT_OBJC_ISA_USAGE = YES_ERROR;
				CLANG_WARN_DOCUMENTATION_COMMENTS = YES;
				CLANG_WARN_EMPTY_BODY = YES;
				CLANG_WARN_ENUM_CONVERSION = YES;
				CLANG_WARN_INFINITE_RECURSION = YES;
				CLANG_WARN_INT_CONVERSION = YES;
				CLANG_WARN_NON_LITERAL_NULL_CONVERSION = YES;
				CLANG_WARN_OBJC_IMPLICIT_RETAIN_SELF = YES;
				CLANG_WARN_OBJC_LITERAL_CONVERSION = YES;
				CLANG_WARN_OBJC_ROOT_CLASS = YES_ERROR;
				CLANG_WARN_QUOTED_INCLUDE_IN_FRAMEWORK_HEADER = YES;
				CLANG_WARN_RANGE_LOOP_ANALYSIS = YES;
				CLANG_WARN_STRICT_PROTOTYPES = YES;
				CLANG_WARN_SUSPICIOUS_MOVE = YES;
				CLANG_WARN_UNGUARDED_AVAILABILITY = YES_AGGRESSIVE;
				CLANG_WARN_UNREACHABLE_CODE = YES;
				CLANG_WARN__DUPLICATE_METHOD_MATCH = YES;
				COPY_PHASE_STRIP = NO;
				DEBUG_INFORMATION_FORMAT = dwarf;
				ENABLE_STRICT_OBJC_MSGSEND = YES;
				ENABLE_TESTABILITY = YES;
				GCC_C_LANGUAGE_STANDARD = gnu11;
				GCC_DYNAMIC_NO_PIC = NO;
				GCC_NO_COMMON_BLOCKS = YES;
				GCC_OPTIMIZATION_LEVEL = 0;
				GCC_PREPROCESSOR_DEFINITIONS = (
					"DEBUG=1",
					"$(inherited)",
				);
				GCC_WARN_64_TO_32_BIT_CONVERSION = YES;
				GCC_WARN_ABOUT_RETURN_TYPE = YES_ERROR;
				GCC_WARN_UNDECLARED_SELECTOR = YES;
				GCC_WARN_UNINITIALIZED_AUTOS = YES_AGGRESSIVE;
				GCC_WARN_UNUSED_FUNCTION = YES;
				GCC_WARN_UNUSED_VARIABLE = YES;
				IPHONEOS_DEPLOYMENT_TARGET = 16.2;
				MTL_ENABLE_DEBUG_INFO = INCLUDE_SOURCE;
				MTL_FAST_MATH = YES;
				ONLY_ACTIVE_ARCH = YES;
				SDKROOT = iphoneos;
				SWIFT_ACTIVE_COMPILATION_CONDITIONS = DEBUG;
				SWIFT_OPTIMIZATION_LEVEL = "-Onone";
			};
			name = Debug;
		};
		5C1858FA2AA2E20100C7BB3A /* Release */ = {
			isa = XCBuildConfiguration;
			buildSettings = {
				ALWAYS_SEARCH_USER_PATHS = NO;
				CLANG_ANALYZER_NONNULL = YES;
				CLANG_ANALYZER_NUMBER_OBJECT_CONVERSION = YES_AGGRESSIVE;
				CLANG_CXX_LANGUAGE_STANDARD = "gnu++20";
				CLANG_ENABLE_MODULES = YES;
				CLANG_ENABLE_OBJC_ARC = YES;
				CLANG_ENABLE_OBJC_WEAK = YES;
				CLANG_WARN_BLOCK_CAPTURE_AUTORELEASING = YES;
				CLANG_WARN_BOOL_CONVERSION = YES;
				CLANG_WARN_COMMA = YES;
				CLANG_WARN_CONSTANT_CONVERSION = YES;
				CLANG_WARN_DEPRECATED_OBJC_IMPLEMENTATIONS = YES;
				CLANG_WARN_DIRECT_OBJC_ISA_USAGE = YES_ERROR;
				CLANG_WARN_DOCUMENTATION_COMMENTS = YES;
				CLANG_WARN_EMPTY_BODY = YES;
				CLANG_WARN_ENUM_CONVERSION = YES;
				CLANG_WARN_INFINITE_RECURSION = YES;
				CLANG_WARN_INT_CONVERSION = YES;
				CLANG_WARN_NON_LITERAL_NULL_CONVERSION = YES;
				CLANG_WARN_OBJC_IMPLICIT_RETAIN_SELF = YES;
				CLANG_WARN_OBJC_LITERAL_CONVERSION = YES;
				CLANG_WARN_OBJC_ROOT_CLASS = YES_ERROR;
				CLANG_WARN_QUOTED_INCLUDE_IN_FRAMEWORK_HEADER = YES;
				CLANG_WARN_RANGE_LOOP_ANALYSIS = YES;
				CLANG_WARN_STRICT_PROTOTYPES = YES;
				CLANG_WARN_SUSPICIOUS_MOVE = YES;
				CLANG_WARN_UNGUARDED_AVAILABILITY = YES_AGGRESSIVE;
				CLANG_WARN_UNREACHABLE_CODE = YES;
				CLANG_WARN__DUPLICATE_METHOD_MATCH = YES;
				COPY_PHASE_STRIP = NO;
				DEBUG_INFORMATION_FORMAT = "dwarf-with-dsym";
				ENABLE_NS_ASSERTIONS = NO;
				ENABLE_STRICT_OBJC_MSGSEND = YES;
				GCC_C_LANGUAGE_STANDARD = gnu11;
				GCC_NO_COMMON_BLOCKS = YES;
				GCC_WARN_64_TO_32_BIT_CONVERSION = YES;
				GCC_WARN_ABOUT_RETURN_TYPE = YES_ERROR;
				GCC_WARN_UNDECLARED_SELECTOR = YES;
				GCC_WARN_UNINITIALIZED_AUTOS = YES_AGGRESSIVE;
				GCC_WARN_UNUSED_FUNCTION = YES;
				GCC_WARN_UNUSED_VARIABLE = YES;
				IPHONEOS_DEPLOYMENT_TARGET = 16.2;
				MTL_ENABLE_DEBUG_INFO = NO;
				MTL_FAST_MATH = YES;
				SDKROOT = iphoneos;
				SWIFT_COMPILATION_MODE = wholemodule;
				SWIFT_OPTIMIZATION_LEVEL = "-O";
				VALIDATE_PRODUCT = YES;
			};
			name = Release;
		};
		5C1858FC2AA2E20100C7BB3A /* Debug */ = {
			isa = XCBuildConfiguration;
			buildSettings = {
				ASSETCATALOG_COMPILER_APPICON_NAME = AppIcon;
				ASSETCATALOG_COMPILER_GLOBAL_ACCENT_COLOR_NAME = AccentColor;
				CODE_SIGN_STYLE = Automatic;
				CURRENT_PROJECT_VERSION = 1;
				DEVELOPMENT_ASSET_PATHS = "\"cafe-bagel/Preview Content\"";
				DEVELOPMENT_TEAM = 95Z497QH6V;
				ENABLE_PREVIEWS = YES;
				GENERATE_INFOPLIST_FILE = YES;
				INFOPLIST_KEY_UIApplicationSceneManifest_Generation = YES;
				INFOPLIST_KEY_UIApplicationSupportsIndirectInputEvents = YES;
				INFOPLIST_KEY_UILaunchScreen_Generation = YES;
				INFOPLIST_KEY_UISupportedInterfaceOrientations_iPad = "UIInterfaceOrientationPortrait UIInterfaceOrientationPortraitUpsideDown UIInterfaceOrientationLandscapeLeft UIInterfaceOrientationLandscapeRight";
				INFOPLIST_KEY_UISupportedInterfaceOrientations_iPhone = "UIInterfaceOrientationPortrait UIInterfaceOrientationLandscapeLeft UIInterfaceOrientationLandscapeRight";
				LD_RUNPATH_SEARCH_PATHS = (
					"$(inherited)",
					"@executable_path/Frameworks",
				);
				MARKETING_VERSION = 1.0;
				PRODUCT_BUNDLE_IDENTIFIER = "com.brandonassing.cafe-bagel";
				PRODUCT_NAME = "$(TARGET_NAME)";
				SWIFT_EMIT_LOC_STRINGS = YES;
				SWIFT_VERSION = 5.0;
				TARGETED_DEVICE_FAMILY = "1,2";
			};
			name = Debug;
		};
		5C1858FD2AA2E20100C7BB3A /* Release */ = {
			isa = XCBuildConfiguration;
			buildSettings = {
				ASSETCATALOG_COMPILER_APPICON_NAME = AppIcon;
				ASSETCATALOG_COMPILER_GLOBAL_ACCENT_COLOR_NAME = AccentColor;
				CODE_SIGN_STYLE = Automatic;
				CURRENT_PROJECT_VERSION = 1;
				DEVELOPMENT_ASSET_PATHS = "\"cafe-bagel/Preview Content\"";
				DEVELOPMENT_TEAM = 95Z497QH6V;
				ENABLE_PREVIEWS = YES;
				GENERATE_INFOPLIST_FILE = YES;
				INFOPLIST_KEY_UIApplicationSceneManifest_Generation = YES;
				INFOPLIST_KEY_UIApplicationSupportsIndirectInputEvents = YES;
				INFOPLIST_KEY_UILaunchScreen_Generation = YES;
				INFOPLIST_KEY_UISupportedInterfaceOrientations_iPad = "UIInterfaceOrientationPortrait UIInterfaceOrientationPortraitUpsideDown UIInterfaceOrientationLandscapeLeft UIInterfaceOrientationLandscapeRight";
				INFOPLIST_KEY_UISupportedInterfaceOrientations_iPhone = "UIInterfaceOrientationPortrait UIInterfaceOrientationLandscapeLeft UIInterfaceOrientationLandscapeRight";
				LD_RUNPATH_SEARCH_PATHS = (
					"$(inherited)",
					"@executable_path/Frameworks",
				);
				MARKETING_VERSION = 1.0;
				PRODUCT_BUNDLE_IDENTIFIER = "com.brandonassing.cafe-bagel";
				PRODUCT_NAME = "$(TARGET_NAME)";
				SWIFT_EMIT_LOC_STRINGS = YES;
				SWIFT_VERSION = 5.0;
				TARGETED_DEVICE_FAMILY = "1,2";
			};
			name = Release;
		};
/* End XCBuildConfiguration section */

/* Begin XCConfigurationList section */
		5C1858E82AA2E1FF00C7BB3A /* Build configuration list for PBXProject "cafe-bagel" */ = {
			isa = XCConfigurationList;
			buildConfigurations = (
				5C1858F92AA2E20100C7BB3A /* Debug */,
				5C1858FA2AA2E20100C7BB3A /* Release */,
			);
			defaultConfigurationIsVisible = 0;
			defaultConfigurationName = Release;
		};
		5C1858FB2AA2E20100C7BB3A /* Build configuration list for PBXNativeTarget "cafe-bagel" */ = {
			isa = XCConfigurationList;
			buildConfigurations = (
				5C1858FC2AA2E20100C7BB3A /* Debug */,
				5C1858FD2AA2E20100C7BB3A /* Release */,
			);
			defaultConfigurationIsVisible = 0;
			defaultConfigurationName = Release;
		};
/* End XCConfigurationList section */

/* Begin XCRemoteSwiftPackageReference section */
		5C1859132AA6A5CB00C7BB3A /* XCRemoteSwiftPackageReference "CombineExt" */ = {
			isa = XCRemoteSwiftPackageReference;
			repositoryURL = "https://github.com/CombineCommunity/CombineExt.git";
			requirement = {
				branch = main;
				kind = branch;
			};
		};
/* End XCRemoteSwiftPackageReference section */

/* Begin XCSwiftPackageProductDependency section */
		5C1859142AA6A5CC00C7BB3A /* CombineExt */ = {
			isa = XCSwiftPackageProductDependency;
			package = 5C1859132AA6A5CB00C7BB3A /* XCRemoteSwiftPackageReference "CombineExt" */;
			productName = CombineExt;
		};
/* End XCSwiftPackageProductDependency section */
	};
	rootObject = 5C1858E52AA2E1FF00C7BB3A /* Project object */;
}
