// !$*UTF8*$!
{
	archiveVersion = 1;
	classes = {
	};
	objectVersion = 56;
	objects = {

/* Begin PBXBuildFile section */
		5C1858F12AA2E1FF00C7BB3A /* cafe_bagelApp.swift in Sources */ = {isa = PBXBuildFile; fileRef = 5C1858F02AA2E1FF00C7BB3A /* cafe_bagelApp.swift */; };
		5C1858F52AA2E20100C7BB3A /* Assets.xcassets in Resources */ = {isa = PBXBuildFile; fileRef = 5C1858F42AA2E20100C7BB3A /* Assets.xcassets */; };
		5C1858F82AA2E20100C7BB3A /* Preview Assets.xcassets in Resources */ = {isa = PBXBuildFile; fileRef = 5C1858F72AA2E20100C7BB3A /* Preview Assets.xcassets */; };
		5C1859022AA2E5D800C7BB3A /* TippingOption.swift in Sources */ = {isa = PBXBuildFile; fileRef = 5C1859012AA2E5D800C7BB3A /* TippingOption.swift */; };
		5C1859042AA2E61800C7BB3A /* TippingView.swift in Sources */ = {isa = PBXBuildFile; fileRef = 5C1859032AA2E61800C7BB3A /* TippingView.swift */; };
		5C1859062AA2E63C00C7BB3A /* TippingViewModel.swift in Sources */ = {isa = PBXBuildFile; fileRef = 5C1859052AA2E63C00C7BB3A /* TippingViewModel.swift */; };
		5C18590A2AA2E98500C7BB3A /* TippingOptionView.swift in Sources */ = {isa = PBXBuildFile; fileRef = 5C1859092AA2E98500C7BB3A /* TippingOptionView.swift */; };
		5C18590D2AA2F06E00C7BB3A /* StyleGuide.swift in Sources */ = {isa = PBXBuildFile; fileRef = 5C18590C2AA2F06E00C7BB3A /* StyleGuide.swift */; };
		5C1859122AA42E3400C7BB3A /* Money.swift in Sources */ = {isa = PBXBuildFile; fileRef = 5C1859112AA42E3400C7BB3A /* Money.swift */; };
		5C1859152AA6A5CC00C7BB3A /* CombineExt in Frameworks */ = {isa = PBXBuildFile; productRef = 5C1859142AA6A5CC00C7BB3A /* CombineExt */; };
		5CEF03772AA8A7FA00D26EE9 /* AuthView.swift in Sources */ = {isa = PBXBuildFile; fileRef = 5CEF03762AA8A7FA00D26EE9 /* AuthView.swift */; };
		5CEF03792AB0010200D26EE9 /* AuthViewModel.swift in Sources */ = {isa = PBXBuildFile; fileRef = 5CEF03782AB0010200D26EE9 /* AuthViewModel.swift */; };
		5CEF037E2AB008A800D26EE9 /* PostPaymentView.swift in Sources */ = {isa = PBXBuildFile; fileRef = 5CEF037D2AB008A800D26EE9 /* PostPaymentView.swift */; };
		5CEF03802AB0092400D26EE9 /* PostPaymentViewModel.swift in Sources */ = {isa = PBXBuildFile; fileRef = 5CEF037F2AB0092400D26EE9 /* PostPaymentViewModel.swift */; };
/* End PBXBuildFile section */

/* Begin PBXFileReference section */
		5C1858ED2AA2E1FF00C7BB3A /* cafe-bagel.app */ = {isa = PBXFileReference; explicitFileType = wrapper.application; includeInIndex = 0; path = "cafe-bagel.app"; sourceTree = BUILT_PRODUCTS_DIR; };
		5C1858F02AA2E1FF00C7BB3A /* cafe_bagelApp.swift */ = {isa = PBXFileReference; lastKnownFileType = sourcecode.swift; path = cafe_bagelApp.swift; sourceTree = "<group>"; };
		5C1858F42AA2E20100C7BB3A /* Assets.xcassets */ = {isa = PBXFileReference; lastKnownFileType = folder.assetcatalog; path = Assets.xcassets; sourceTree = "<group>"; };
		5C1858F72AA2E20100C7BB3A /* Preview Assets.xcassets */ = {isa = PBXFileReference; lastKnownFileType = folder.assetcatalog; path = "Preview Assets.xcassets"; sourceTree = "<group>"; };
		5C1859012AA2E5D800C7BB3A /* TippingOption.swift */ = {isa = PBXFileReference; lastKnownFileType = sourcecode.swift; path = TippingOption.swift; sourceTree = "<group>"; };
		5C1859032AA2E61800C7BB3A /* TippingView.swift */ = {isa = PBXFileReference; fileEncoding = 4; lastKnownFileType = sourcecode.swift; path = TippingView.swift; sourceTree = "<group>"; };
		5C1859052AA2E63C00C7BB3A /* TippingViewModel.swift */ = {isa = PBXFileReference; lastKnownFileType = sourcecode.swift; path = TippingViewModel.swift; sourceTree = "<group>"; };
		5C1859092AA2E98500C7BB3A /* TippingOptionView.swift */ = {isa = PBXFileReference; lastKnownFileType = sourcecode.swift; path = TippingOptionView.swift; sourceTree = "<group>"; };
		5C18590C2AA2F06E00C7BB3A /* StyleGuide.swift */ = {isa = PBXFileReference; lastKnownFileType = sourcecode.swift; path = StyleGuide.swift; sourceTree = "<group>"; };
		5C1859112AA42E3400C7BB3A /* Money.swift */ = {isa = PBXFileReference; lastKnownFileType = sourcecode.swift; path = Money.swift; sourceTree = "<group>"; };
		5CEF03762AA8A7FA00D26EE9 /* AuthView.swift */ = {isa = PBXFileReference; lastKnownFileType = sourcecode.swift; path = AuthView.swift; sourceTree = "<group>"; };
		5CEF03782AB0010200D26EE9 /* AuthViewModel.swift */ = {isa = PBXFileReference; lastKnownFileType = sourcecode.swift; path = AuthViewModel.swift; sourceTree = "<group>"; };
		5CEF037D2AB008A800D26EE9 /* PostPaymentView.swift */ = {isa = PBXFileReference; lastKnownFileType = sourcecode.swift; path = PostPaymentView.swift; sourceTree = "<group>"; };
		5CEF037F2AB0092400D26EE9 /* PostPaymentViewModel.swift */ = {isa = PBXFileReference; lastKnownFileType = sourcecode.swift; path = PostPaymentViewModel.swift; sourceTree = "<group>"; };
/* End PBXFileReference section */

/* Begin PBXFrameworksBuildPhase section */
		5C1858EA2AA2E1FF00C7BB3A /* Frameworks */ = {
			isa = PBXFrameworksBuildPhase;
			buildActionMask = 2147483647;
			files = (
				5C1859152AA6A5CC00C7BB3A /* CombineExt in Frameworks */,
			);
			runOnlyForDeploymentPostprocessing = 0;
		};
/* End PBXFrameworksBuildPhase section */

/* Begin PBXGroup section */
		5C1858E42AA2E1FF00C7BB3A = {
			isa = PBXGroup;
			children = (
				5C1858EF2AA2E1FF00C7BB3A /* cafe-bagel */,
				5C1858EE2AA2E1FF00C7BB3A /* Products */,
			);
			sourceTree = "<group>";
		};
		5C1858EE2AA2E1FF00C7BB3A /* Products */ = {
			isa = PBXGroup;
			children = (
				5C1858ED2AA2E1FF00C7BB3A /* cafe-bagel.app */,
			);
			name = Products;
			sourceTree = "<group>";
		};
		5C1858EF2AA2E1FF00C7BB3A /* cafe-bagel */ = {
			isa = PBXGroup;
			children = (
				5C18590B2AA2F06400C7BB3A /* Common */,
				5C1859002AA2E5C900C7BB3A /* Models */,
				5C1858FE2AA2E3FF00C7BB3A /* Features */,
				5C1858F02AA2E1FF00C7BB3A /* cafe_bagelApp.swift */,
				5C1858F42AA2E20100C7BB3A /* Assets.xcassets */,
				5C1858F62AA2E20100C7BB3A /* Preview Content */,
			);
			path = "cafe-bagel";
			sourceTree = "<group>";
		};
		5C1858F62AA2E20100C7BB3A /* Preview Content */ = {
			isa = PBXGroup;
			children = (
				5C1858F72AA2E20100C7BB3A /* Preview Assets.xcassets */,
			);
			path = "Preview Content";
			sourceTree = "<group>";
		};
		5C1858FE2AA2E3FF00C7BB3A /* Features */ = {
			isa = PBXGroup;
			children = (
				5CEF037A2AB0085C00D26EE9 /* PostPayment */,
				5CEF03752AA8A78100D26EE9 /* Payment */,
				5C1858FF2AA2E44A00C7BB3A /* Tipping */,
			);
			path = Features;
			sourceTree = "<group>";
		};
		5C1858FF2AA2E44A00C7BB3A /* Tipping */ = {
			isa = PBXGroup;
			children = (
				5C1859032AA2E61800C7BB3A /* TippingView.swift */,
				5C1859052AA2E63C00C7BB3A /* TippingViewModel.swift */,
				5C1859092AA2E98500C7BB3A /* TippingOptionView.swift */,
			);
			path = Tipping;
			sourceTree = "<group>";
		};
		5C1859002AA2E5C900C7BB3A /* Models */ = {
			isa = PBXGroup;
			children = (
				5C1859012AA2E5D800C7BB3A /* TippingOption.swift */,
				5C1859112AA42E3400C7BB3A /* Money.swift */,
			);
			path = Models;
			sourceTree = "<group>";
		};
		5C18590B2AA2F06400C7BB3A /* Common */ = {
			isa = PBXGroup;
			children = (
				5C18590C2AA2F06E00C7BB3A /* StyleGuide.swift */,
			);
			path = Common;
			sourceTree = "<group>";
		};
		5CEF03752AA8A78100D26EE9 /* Payment */ = {
			isa = PBXGroup;
			children = (
				5CEF03762AA8A7FA00D26EE9 /* AuthView.swift */,
				5CEF03782AB0010200D26EE9 /* AuthViewModel.swift */,
			);
			path = Payment;
			sourceTree = "<group>";
		};
		5CEF037A2AB0085C00D26EE9 /* PostPayment */ = {
			isa = PBXGroup;
			children = (
				5CEF037D2AB008A800D26EE9 /* PostPaymentView.swift */,
				5CEF037F2AB0092400D26EE9 /* PostPaymentViewModel.swift */,
			);
			path = PostPayment;
			sourceTree = "<group>";
		};
/* End PBXGroup section */

/* Begin PBXNativeTarget section */
		5C1858EC2AA2E1FF00C7BB3A /* cafe-bagel */ = {
			isa = PBXNativeTarget;
			buildConfigurationList = 5C1858FB2AA2E20100C7BB3A /* Build configuration list for PBXNativeTarget "cafe-bagel" */;
			buildPhases = (
				5C1858E92AA2E1FF00C7BB3A /* Sources */,
				5C1858EA2AA2E1FF00C7BB3A /* Frameworks */,
				5C1858EB2AA2E1FF00C7BB3A /* Resources */,
			);
			buildRules = (
			);
			dependencies = (
			);
			name = "cafe-bagel";
			packageProductDependencies = (
				5C1859142AA6A5CC00C7BB3A /* CombineExt */,
			);
			productName = "cafe-bagel";
			productReference = 5C1858ED2AA2E1FF00C7BB3A /* cafe-bagel.app */;
			productType = "com.apple.product-type.application";
		};
/* End PBXNativeTarget section */

/* Begin PBXProject section */
		5C1858E52AA2E1FF00C7BB3A /* Project object */ = {
			isa = PBXProject;
			attributes = {
				BuildIndependentTargetsInParallel = 1;
				LastSwiftUpdateCheck = 1420;
				LastUpgradeCheck = 1420;
				TargetAttributes = {
					5C1858EC2AA2E1FF00C7BB3A = {
						CreatedOnToolsVersion = 14.2;
					};
				};
			};
			buildConfigurationList = 5C1858E82AA2E1FF00C7BB3A /* Build configuration list for PBXProject "cafe-bagel" */;
			compatibilityVersion = "Xcode 14.0";
			developmentRegion = en;
			hasScannedForEncodings = 0;
			knownRegions = (
				en,
				Base,
			);
			mainGroup = 5C1858E42AA2E1FF00C7BB3A;
			packageReferences = (
				5C1859132AA6A5CB00C7BB3A /* XCRemoteSwiftPackageReference "CombineExt" */,
			);
			productRefGroup = 5C1858EE2AA2E1FF00C7BB3A /* Products */;
			projectDirPath = "";
			projectRoot = "";
			targets = (
				5C1858EC2AA2E1FF00C7BB3A /* cafe-bagel */,
			);
		};
/* End PBXProject section */

/* Begin PBXResourcesBuildPhase section */
		5C1858EB2AA2E1FF00C7BB3A /* Resources */ = {
			isa = PBXResourcesBuildPhase;
			buildActionMask = 2147483647;
			files = (
				5C1858F82AA2E20100C7BB3A /* Preview Assets.xcassets in Resources */,
				5C1858F52AA2E20100C7BB3A /* Assets.xcassets in Resources */,
			);
			runOnlyForDeploymentPostprocessing = 0;
		};
/* End PBXResourcesBuildPhase section */

/* Begin PBXSourcesBuildPhase section */
		5C1858E92AA2E1FF00C7BB3A /* Sources */ = {
			isa = PBXSourcesBuildPhase;
			buildActionMask = 2147483647;
			files = (
				5C1859062AA2E63C00C7BB3A /* TippingViewModel.swift in Sources */,
				5C1859022AA2E5D800C7BB3A /* TippingOption.swift in Sources */,
				5C1859122AA42E3400C7BB3A /* Money.swift in Sources */,
				5C18590A2AA2E98500C7BB3A /* TippingOptionView.swift in Sources */,
				5C1859042AA2E61800C7BB3A /* TippingView.swift in Sources */,
				5CEF03802AB0092400D26EE9 /* PostPaymentViewModel.swift in Sources */,
				5CEF037E2AB008A800D26EE9 /* PostPaymentView.swift in Sources */,
				5C1858F12AA2E1FF00C7BB3A /* cafe_bagelApp.swift in Sources */,
				5CEF03772AA8A7FA00D26EE9 /* AuthView.swift in Sources */,
				5C18590D2AA2F06E00C7BB3A /* StyleGuide.swift in Sources */,
				5CEF03792AB0010200D26EE9 /* AuthViewModel.swift in Sources */,
			);
			runOnlyForDeploymentPostprocessing = 0;
		};
/* End PBXSourcesBuildPhase section */

/* Begin XCBuildConfiguration section */
		5C1858F92AA2E20100C7BB3A /* Debug */ = {
			isa = XCBuildConfiguration;
			buildSettings = {
				ALWAYS_SEARCH_USER_PATHS = NO;
				CLANG_ANALYZER_NONNULL = YES;
				CLANG_ANALYZER_NUMBER_OBJECT_CONVERSION = YES_AGGRESSIVE;
				CLANG_CXX_LANGUAGE_STANDARD = "gnu++20";
				CLANG_ENABLE_MODULES = YES;
				CLANG_ENABLE_OBJC_ARC = YES;
				CLANG_ENABLE_OBJC_WEAK = YES;
				CLANG_WARN_BLOCK_CAPTURE_AUTORELEASING = YES;
				CLANG_WARN_BOOL_CONVERSION = YES;
				CLANG_WARN_COMMA = YES;
				CLANG_WARN_CONSTANT_CONVERSION = YES;
				CLANG_WARN_DEPRECATED_OBJC_IMPLEMENTATIONS = YES;
				CLANG_WARN_DIRECT_OBJC_ISA_USAGE = YES_ERROR;
				CLANG_WARN_DOCUMENTATION_COMMENTS = YES;
				CLANG_WARN_EMPTY_BODY = YES;
				CLANG_WARN_ENUM_CONVERSION = YES;
				CLANG_WARN_INFINITE_RECURSION = YES;
				CLANG_WARN_INT_CONVERSION = YES;
				CLANG_WARN_NON_LITERAL_NULL_CONVERSION = YES;
				CLANG_WARN_OBJC_IMPLICIT_RETAIN_SELF = YES;
				CLANG_WARN_OBJC_LITERAL_CONVERSION = YES;
				CLANG_WARN_OBJC_ROOT_CLASS = YES_ERROR;
				CLANG_WARN_QUOTED_INCLUDE_IN_FRAMEWORK_HEADER = YES;
				CLANG_WARN_RANGE_LOOP_ANALYSIS = YES;
				CLANG_WARN_STRICT_PROTOTYPES = YES;
				CLANG_WARN_SUSPICIOUS_MOVE = YES;
				CLANG_WARN_UNGUARDED_AVAILABILITY = YES_AGGRESSIVE;
				CLANG_WARN_UNREACHABLE_CODE = YES;
				CLANG_WARN__DUPLICATE_METHOD_MATCH = YES;
				COPY_PHASE_STRIP = NO;
				DEBUG_INFORMATION_FORMAT = dwarf;
				ENABLE_STRICT_OBJC_MSGSEND = YES;
				ENABLE_TESTABILITY = YES;
				GCC_C_LANGUAGE_STANDARD = gnu11;
				GCC_DYNAMIC_NO_PIC = NO;
				GCC_NO_COMMON_BLOCKS = YES;
				GCC_OPTIMIZATION_LEVEL = 0;
				GCC_PREPROCESSOR_DEFINITIONS = (
					"DEBUG=1",
					"$(inherited)",
				);
				GCC_WARN_64_TO_32_BIT_CONVERSION = YES;
				GCC_WARN_ABOUT_RETURN_TYPE = YES_ERROR;
				GCC_WARN_UNDECLARED_SELECTOR = YES;
				GCC_WARN_UNINITIALIZED_AUTOS = YES_AGGRESSIVE;
				GCC_WARN_UNUSED_FUNCTION = YES;
				GCC_WARN_UNUSED_VARIABLE = YES;
				IPHONEOS_DEPLOYMENT_TARGET = 16.2;
				MTL_ENABLE_DEBUG_INFO = INCLUDE_SOURCE;
				MTL_FAST_MATH = YES;
				ONLY_ACTIVE_ARCH = YES;
				SDKROOT = iphoneos;
				SWIFT_ACTIVE_COMPILATION_CONDITIONS = DEBUG;
				SWIFT_OPTIMIZATION_LEVEL = "-Onone";
			};
			name = Debug;
		};
		5C1858FA2AA2E20100C7BB3A /* Release */ = {
			isa = XCBuildConfiguration;
			buildSettings = {
				ALWAYS_SEARCH_USER_PATHS = NO;
				CLANG_ANALYZER_NONNULL = YES;
				CLANG_ANALYZER_NUMBER_OBJECT_CONVERSION = YES_AGGRESSIVE;
				CLANG_CXX_LANGUAGE_STANDARD = "gnu++20";
				CLANG_ENABLE_MODULES = YES;
				CLANG_ENABLE_OBJC_ARC = YES;
				CLANG_ENABLE_OBJC_WEAK = YES;
				CLANG_WARN_BLOCK_CAPTURE_AUTORELEASING = YES;
				CLANG_WARN_BOOL_CONVERSION = YES;
				CLANG_WARN_COMMA = YES;
				CLANG_WARN_CONSTANT_CONVERSION = YES;
				CLANG_WARN_DEPRECATED_OBJC_IMPLEMENTATIONS = YES;
				CLANG_WARN_DIRECT_OBJC_ISA_USAGE = YES_ERROR;
				CLANG_WARN_DOCUMENTATION_COMMENTS = YES;
				CLANG_WARN_EMPTY_BODY = YES;
				CLANG_WARN_ENUM_CONVERSION = YES;
				CLANG_WARN_INFINITE_RECURSION = YES;
				CLANG_WARN_INT_CONVERSION = YES;
				CLANG_WARN_NON_LITERAL_NULL_CONVERSION = YES;
				CLANG_WARN_OBJC_IMPLICIT_RETAIN_SELF = YES;
				CLANG_WARN_OBJC_LITERAL_CONVERSION = YES;
				CLANG_WARN_OBJC_ROOT_CLASS = YES_ERROR;
				CLANG_WARN_QUOTED_INCLUDE_IN_FRAMEWORK_HEADER = YES;
				CLANG_WARN_RANGE_LOOP_ANALYSIS = YES;
				CLANG_WARN_STRICT_PROTOTYPES = YES;
				CLANG_WARN_SUSPICIOUS_MOVE = YES;
				CLANG_WARN_UNGUARDED_AVAILABILITY = YES_AGGRESSIVE;
				CLANG_WARN_UNREACHABLE_CODE = YES;
				CLANG_WARN__DUPLICATE_METHOD_MATCH = YES;
				COPY_PHASE_STRIP = NO;
				DEBUG_INFORMATION_FORMAT = "dwarf-with-dsym";
				ENABLE_NS_ASSERTIONS = NO;
				ENABLE_STRICT_OBJC_MSGSEND = YES;
				GCC_C_LANGUAGE_STANDARD = gnu11;
				GCC_NO_COMMON_BLOCKS = YES;
				GCC_WARN_64_TO_32_BIT_CONVERSION = YES;
				GCC_WARN_ABOUT_RETURN_TYPE = YES_ERROR;
				GCC_WARN_UNDECLARED_SELECTOR = YES;
				GCC_WARN_UNINITIALIZED_AUTOS = YES_AGGRESSIVE;
				GCC_WARN_UNUSED_FUNCTION = YES;
				GCC_WARN_UNUSED_VARIABLE = YES;
				IPHONEOS_DEPLOYMENT_TARGET = 16.2;
				MTL_ENABLE_DEBUG_INFO = NO;
				MTL_FAST_MATH = YES;
				SDKROOT = iphoneos;
				SWIFT_COMPILATION_MODE = wholemodule;
				SWIFT_OPTIMIZATION_LEVEL = "-O";
				VALIDATE_PRODUCT = YES;
			};
			name = Release;
		};
		5C1858FC2AA2E20100C7BB3A /* Debug */ = {
			isa = XCBuildConfiguration;
			buildSettings = {
				ASSETCATALOG_COMPILER_APPICON_NAME = AppIcon;
				ASSETCATALOG_COMPILER_GLOBAL_ACCENT_COLOR_NAME = AccentColor;
				CODE_SIGN_STYLE = Automatic;
				CURRENT_PROJECT_VERSION = 1;
				DEVELOPMENT_ASSET_PATHS = "\"cafe-bagel/Preview Content\"";
				DEVELOPMENT_TEAM = 95Z497QH6V;
				ENABLE_PREVIEWS = YES;
				GENERATE_INFOPLIST_FILE = YES;
				INFOPLIST_KEY_UIApplicationSceneManifest_Generation = YES;
				INFOPLIST_KEY_UIApplicationSupportsIndirectInputEvents = YES;
				INFOPLIST_KEY_UILaunchScreen_Generation = YES;
				INFOPLIST_KEY_UISupportedInterfaceOrientations_iPad = "UIInterfaceOrientationPortrait UIInterfaceOrientationPortraitUpsideDown UIInterfaceOrientationLandscapeLeft UIInterfaceOrientationLandscapeRight";
				INFOPLIST_KEY_UISupportedInterfaceOrientations_iPhone = "UIInterfaceOrientationPortrait UIInterfaceOrientationLandscapeLeft UIInterfaceOrientationLandscapeRight";
				LD_RUNPATH_SEARCH_PATHS = (
					"$(inherited)",
					"@executable_path/Frameworks",
				);
				MARKETING_VERSION = 1.0;
				PRODUCT_BUNDLE_IDENTIFIER = "com.brandonassing.cafe-bagel";
				PRODUCT_NAME = "$(TARGET_NAME)";
				SWIFT_EMIT_LOC_STRINGS = YES;
				SWIFT_VERSION = 5.0;
				TARGETED_DEVICE_FAMILY = "1,2";
			};
			name = Debug;
		};
		5C1858FD2AA2E20100C7BB3A /* Release */ = {
			isa = XCBuildConfiguration;
			buildSettings = {
				ASSETCATALOG_COMPILER_APPICON_NAME = AppIcon;
				ASSETCATALOG_COMPILER_GLOBAL_ACCENT_COLOR_NAME = AccentColor;
				CODE_SIGN_STYLE = Automatic;
				CURRENT_PROJECT_VERSION = 1;
				DEVELOPMENT_ASSET_PATHS = "\"cafe-bagel/Preview Content\"";
				DEVELOPMENT_TEAM = 95Z497QH6V;
				ENABLE_PREVIEWS = YES;
				GENERATE_INFOPLIST_FILE = YES;
				INFOPLIST_KEY_UIApplicationSceneManifest_Generation = YES;
				INFOPLIST_KEY_UIApplicationSupportsIndirectInputEvents = YES;
				INFOPLIST_KEY_UILaunchScreen_Generation = YES;
				INFOPLIST_KEY_UISupportedInterfaceOrientations_iPad = "UIInterfaceOrientationPortrait UIInterfaceOrientationPortraitUpsideDown UIInterfaceOrientationLandscapeLeft UIInterfaceOrientationLandscapeRight";
				INFOPLIST_KEY_UISupportedInterfaceOrientations_iPhone = "UIInterfaceOrientationPortrait UIInterfaceOrientationLandscapeLeft UIInterfaceOrientationLandscapeRight";
				LD_RUNPATH_SEARCH_PATHS = (
					"$(inherited)",
					"@executable_path/Frameworks",
				);
				MARKETING_VERSION = 1.0;
				PRODUCT_BUNDLE_IDENTIFIER = "com.brandonassing.cafe-bagel";
				PRODUCT_NAME = "$(TARGET_NAME)";
				SWIFT_EMIT_LOC_STRINGS = YES;
				SWIFT_VERSION = 5.0;
				TARGETED_DEVICE_FAMILY = "1,2";
			};
			name = Release;
		};
/* End XCBuildConfiguration section */

/* Begin XCConfigurationList section */
		5C1858E82AA2E1FF00C7BB3A /* Build configuration list for PBXProject "cafe-bagel" */ = {
			isa = XCConfigurationList;
			buildConfigurations = (
				5C1858F92AA2E20100C7BB3A /* Debug */,
				5C1858FA2AA2E20100C7BB3A /* Release */,
			);
			defaultConfigurationIsVisible = 0;
			defaultConfigurationName = Release;
		};
		5C1858FB2AA2E20100C7BB3A /* Build configuration list for PBXNativeTarget "cafe-bagel" */ = {
			isa = XCConfigurationList;
			buildConfigurations = (
				5C1858FC2AA2E20100C7BB3A /* Debug */,
				5C1858FD2AA2E20100C7BB3A /* Release */,
			);
			defaultConfigurationIsVisible = 0;
			defaultConfigurationName = Release;
		};
/* End XCConfigurationList section */

/* Begin XCRemoteSwiftPackageReference section */
		5C1859132AA6A5CB00C7BB3A /* XCRemoteSwiftPackageReference "CombineExt" */ = {
			isa = XCRemoteSwiftPackageReference;
			repositoryURL = "https://github.com/CombineCommunity/CombineExt.git";
			requirement = {
				branch = main;
				kind = branch;
			};
		};
/* End XCRemoteSwiftPackageReference section */

/* Begin XCSwiftPackageProductDependency section */
		5C1859142AA6A5CC00C7BB3A /* CombineExt */ = {
			isa = XCSwiftPackageProductDependency;
			package = 5C1859132AA6A5CB00C7BB3A /* XCRemoteSwiftPackageReference "CombineExt" */;
			productName = CombineExt;
		};
/* End XCSwiftPackageProductDependency section */
	};
	rootObject = 5C1858E52AA2E1FF00C7BB3A /* Project object */;
}
